
Microsoft Visual Studio Solution File, Format Version 12.00
# Visual Studio Version 17
VisualStudioVersion = 17.9.34728.123
MinimumVisualStudioVersion = 10.0.40219.1
Project("{2150E333-8FDC-42A3-9474-1A3956D46DE8}") = "Common", "Common", "{B487670C-5EB3-48BD-862F-1F7B574F76D1}"
EndProject
Project("{2150E333-8FDC-42A3-9474-1A3956D46DE8}") = "Modules", "Modules", "{BFEE813E-23AA-4638-A0C5-DD0D196A8F31}"
EndProject
Project("{2150E333-8FDC-42A3-9474-1A3956D46DE8}") = "Core", "Core", "{27FC9DD5-A567-418F-BE56-B2302F5EF600}"
EndProject
Project("{9A19103F-16F7-4668-BE54-9A1E7A4F7556}") = "ToDo.Core.Application", "ToDo.Core.Application\ToDo.Core.Application.csproj", "{454AB030-C8D5-4325-9769-8C1FE5F86985}"
EndProject
Project("{9A19103F-16F7-4668-BE54-9A1E7A4F7556}") = "ToDo.Core.Infrastructure", "ToDo.Core.Infrastructure\ToDo.Core.Infrastructure.csproj", "{EEFE89F0-0BC7-4C91-8E97-1AE34DD604C4}"
EndProject
Project("{FAE04EC0-301F-11D3-BF4B-00C04F79EFBC}") = "ToDo.Core.Domain", "ToDo.Core.Domain\ToDo.Core.Domain.csproj", "{3B71F2B1-C060-4781-B3D7-34A2BFD28C15}"
EndProject
Project("{FAE04EC0-301F-11D3-BF4B-00C04F79EFBC}") = "ToDo.Core.UnitTests", "ToDo.Core.UnitTests\ToDo.Core.UnitTests.csproj", "{AFABC2D5-2AF7-4E9D-8891-CCECF2EE4E70}"
EndProject
Project("{FAE04EC0-301F-11D3-BF4B-00C04F79EFBC}") = "ToDo.Core.Api", "ToDo.Core.Api\ToDo.Core.Api.csproj", "{AB1E8E5C-132D-4ACE-9569-C390EB7526B2}"
EndProject
Project("{FAE04EC0-301F-11D3-BF4B-00C04F79EFBC}") = "ToDo.Common.Application", "ToDo.Common.Application\ToDo.Common.Application.csproj", "{CC10F0C4-7F98-4F4E-AB78-8590866CA083}"
EndProject
Project("{FAE04EC0-301F-11D3-BF4B-00C04F79EFBC}") = "ToDo.Common.Domain", "ToDo.Common.Domain\ToDo.Common.Domain.csproj", "{15E7188B-3E83-4616-BFD8-9ED638409670}"
EndProject
Project("{FAE04EC0-301F-11D3-BF4B-00C04F79EFBC}") = "ToDo.Common.Infrastructure", "ToDo.Common.Infrastructure\ToDo.Common.Infrastructure.csproj", "{F1B67745-411B-4FDD-9629-898AD2790E41}"
EndProject
Project("{FAE04EC0-301F-11D3-BF4B-00C04F79EFBC}") = "ToDo.Common.Utils", "ToDo.Common.Utils\ToDo.Common.Utils.csproj", "{3436F5DC-FA3A-4C49-A538-A6BEC3EB84F0}"
EndProject
Global
	GlobalSection(SolutionConfigurationPlatforms) = preSolution
		Debug|Any CPU = Debug|Any CPU
		Release|Any CPU = Release|Any CPU
	EndGlobalSection
	GlobalSection(ProjectConfigurationPlatforms) = postSolution
		{454AB030-C8D5-4325-9769-8C1FE5F86985}.Debug|Any CPU.ActiveCfg = Debug|Any CPU
		{454AB030-C8D5-4325-9769-8C1FE5F86985}.Debug|Any CPU.Build.0 = Debug|Any CPU
		{454AB030-C8D5-4325-9769-8C1FE5F86985}.Release|Any CPU.ActiveCfg = Release|Any CPU
		{454AB030-C8D5-4325-9769-8C1FE5F86985}.Release|Any CPU.Build.0 = Release|Any CPU
		{EEFE89F0-0BC7-4C91-8E97-1AE34DD604C4}.Debug|Any CPU.ActiveCfg = Debug|Any CPU
		{EEFE89F0-0BC7-4C91-8E97-1AE34DD604C4}.Debug|Any CPU.Build.0 = Debug|Any CPU
		{EEFE89F0-0BC7-4C91-8E97-1AE34DD604C4}.Release|Any CPU.ActiveCfg = Release|Any CPU
		{EEFE89F0-0BC7-4C91-8E97-1AE34DD604C4}.Release|Any CPU.Build.0 = Release|Any CPU
		{3B71F2B1-C060-4781-B3D7-34A2BFD28C15}.Debug|Any CPU.ActiveCfg = Debug|Any CPU
		{3B71F2B1-C060-4781-B3D7-34A2BFD28C15}.Debug|Any CPU.Build.0 = Debug|Any CPU
		{3B71F2B1-C060-4781-B3D7-34A2BFD28C15}.Release|Any CPU.ActiveCfg = Release|Any CPU
		{3B71F2B1-C060-4781-B3D7-34A2BFD28C15}.Release|Any CPU.Build.0 = Release|Any CPU
		{AFABC2D5-2AF7-4E9D-8891-CCECF2EE4E70}.Debug|Any CPU.ActiveCfg = Debug|Any CPU
		{AFABC2D5-2AF7-4E9D-8891-CCECF2EE4E70}.Debug|Any CPU.Build.0 = Debug|Any CPU
		{AFABC2D5-2AF7-4E9D-8891-CCECF2EE4E70}.Release|Any CPU.ActiveCfg = Release|Any CPU
		{AFABC2D5-2AF7-4E9D-8891-CCECF2EE4E70}.Release|Any CPU.Build.0 = Release|Any CPU
		{AB1E8E5C-132D-4ACE-9569-C390EB7526B2}.Debug|Any CPU.ActiveCfg = Debug|Any CPU
		{AB1E8E5C-132D-4ACE-9569-C390EB7526B2}.Debug|Any CPU.Build.0 = Debug|Any CPU
		{AB1E8E5C-132D-4ACE-9569-C390EB7526B2}.Release|Any CPU.ActiveCfg = Release|Any CPU
		{AB1E8E5C-132D-4ACE-9569-C390EB7526B2}.Release|Any CPU.Build.0 = Release|Any CPU
		{CC10F0C4-7F98-4F4E-AB78-8590866CA083}.Debug|Any CPU.ActiveCfg = Debug|Any CPU
		{CC10F0C4-7F98-4F4E-AB78-8590866CA083}.Debug|Any CPU.Build.0 = Debug|Any CPU
		{CC10F0C4-7F98-4F4E-AB78-8590866CA083}.Release|Any CPU.ActiveCfg = Release|Any CPU
		{CC10F0C4-7F98-4F4E-AB78-8590866CA083}.Release|Any CPU.Build.0 = Release|Any CPU
		{15E7188B-3E83-4616-BFD8-9ED638409670}.Debug|Any CPU.ActiveCfg = Debug|Any CPU
		{15E7188B-3E83-4616-BFD8-9ED638409670}.Debug|Any CPU.Build.0 = Debug|Any CPU
		{15E7188B-3E83-4616-BFD8-9ED638409670}.Release|Any CPU.ActiveCfg = Release|Any CPU
		{15E7188B-3E83-4616-BFD8-9ED638409670}.Release|Any CPU.Build.0 = Release|Any CPU
		{F1B67745-411B-4FDD-9629-898AD2790E41}.Debug|Any CPU.ActiveCfg = Debug|Any CPU
		{F1B67745-411B-4FDD-9629-898AD2790E41}.Debug|Any CPU.Build.0 = Debug|Any CPU
		{F1B67745-411B-4FDD-9629-898AD2790E41}.Release|Any CPU.ActiveCfg = Release|Any CPU
		{F1B67745-411B-4FDD-9629-898AD2790E41}.Release|Any CPU.Build.0 = Release|Any CPU
		{3436F5DC-FA3A-4C49-A538-A6BEC3EB84F0}.Debug|Any CPU.ActiveCfg = Debug|Any CPU
		{3436F5DC-FA3A-4C49-A538-A6BEC3EB84F0}.Debug|Any CPU.Build.0 = Debug|Any CPU
		{3436F5DC-FA3A-4C49-A538-A6BEC3EB84F0}.Release|Any CPU.ActiveCfg = Release|Any CPU
		{3436F5DC-FA3A-4C49-A538-A6BEC3EB84F0}.Release|Any CPU.Build.0 = Release|Any CPU
	EndGlobalSection
	GlobalSection(SolutionProperties) = preSolution
		HideSolutionNode = FALSE
	EndGlobalSection
	GlobalSection(NestedProjects) = preSolution
		{27FC9DD5-A567-418F-BE56-B2302F5EF600} = {BFEE813E-23AA-4638-A0C5-DD0D196A8F31}
		{454AB030-C8D5-4325-9769-8C1FE5F86985} = {27FC9DD5-A567-418F-BE56-B2302F5EF600}
		{EEFE89F0-0BC7-4C91-8E97-1AE34DD604C4} = {27FC9DD5-A567-418F-BE56-B2302F5EF600}
		{3B71F2B1-C060-4781-B3D7-34A2BFD28C15} = {27FC9DD5-A567-418F-BE56-B2302F5EF600}
		{AFABC2D5-2AF7-4E9D-8891-CCECF2EE4E70} = {27FC9DD5-A567-418F-BE56-B2302F5EF600}
		{AB1E8E5C-132D-4ACE-9569-C390EB7526B2} = {27FC9DD5-A567-418F-BE56-B2302F5EF600}
		{CC10F0C4-7F98-4F4E-AB78-8590866CA083} = {B487670C-5EB3-48BD-862F-1F7B574F76D1}
		{15E7188B-3E83-4616-BFD8-9ED638409670} = {B487670C-5EB3-48BD-862F-1F7B574F76D1}
		{F1B67745-411B-4FDD-9629-898AD2790E41} = {B487670C-5EB3-48BD-862F-1F7B574F76D1}
		{3436F5DC-FA3A-4C49-A538-A6BEC3EB84F0} = {B487670C-5EB3-48BD-862F-1F7B574F76D1}
	EndGlobalSection
	GlobalSection(ExtensibilityGlobals) = postSolution
		SolutionGuid = {29D16869-2588-4B5D-BC33-AF42313A6053}
	EndGlobalSection
EndGlobal
